
Microsoft Visual Studio Solution File, Format Version 12.00
# Visual Studio Version 17
VisualStudioVersion = 17.9.34728.123
MinimumVisualStudioVersion = 10.0.40219.1
Project("{FAE04EC0-301F-11D3-BF4B-00C04F79EFBC}") = "Pratik Do-While vs While", "Pratik Do-While vs While\Pratik Do-While vs While.csproj", "{6F89C416-0334-4491-8F4C-6796187A759C}"
EndProject
Global
	GlobalSection(SolutionConfigurationPlatforms) = preSolution
		Debug|Any CPU = Debug|Any CPU
		Release|Any CPU = Release|Any CPU
	EndGlobalSection
	GlobalSection(ProjectConfigurationPlatforms) = postSolution
		{6F89C416-0334-4491-8F4C-6796187A759C}.Debug|Any CPU.ActiveCfg = Debug|Any CPU
		{6F89C416-0334-4491-8F4C-6796187A759C}.Debug|Any CPU.Build.0 = Debug|Any CPU
		{6F89C416-0334-4491-8F4C-6796187A759C}.Release|Any CPU.ActiveCfg = Release|Any CPU
		{6F89C416-0334-4491-8F4C-6796187A759C}.Release|Any CPU.Build.0 = Release|Any CPU
	EndGlobalSection
	GlobalSection(SolutionProperties) = preSolution
		HideSolutionNode = FALSE
	EndGlobalSection
	GlobalSection(ExtensibilityGlobals) = postSolution
		SolutionGuid = {97AFA1E4-63EC-404E-9FEF-2322D4965B71}
	EndGlobalSection
EndGlobal
