
Microsoft Visual Studio Solution File, Format Version 12.00
# Visual Studio Version 17
VisualStudioVersion = 17.9.34728.123
MinimumVisualStudioVersion = 10.0.40219.1
Project("{FAE04EC0-301F-11D3-BF4B-00C04F79EFBC}") = "Pratik-While", "Pratik-While\Pratik-While.csproj", "{F893CA9D-CC49-424A-916E-F05B574C80BD}"
EndProject
Global
	GlobalSection(SolutionConfigurationPlatforms) = preSolution
		Debug|Any CPU = Debug|Any CPU
		Release|Any CPU = Release|Any CPU
	EndGlobalSection
	GlobalSection(ProjectConfigurationPlatforms) = postSolution
		{F893CA9D-CC49-424A-916E-F05B574C80BD}.Debug|Any CPU.ActiveCfg = Debug|Any CPU
		{F893CA9D-CC49-424A-916E-F05B574C80BD}.Debug|Any CPU.Build.0 = Debug|Any CPU
		{F893CA9D-CC49-424A-916E-F05B574C80BD}.Release|Any CPU.ActiveCfg = Release|Any CPU
		{F893CA9D-CC49-424A-916E-F05B574C80BD}.Release|Any CPU.Build.0 = Release|Any CPU
	EndGlobalSection
	GlobalSection(SolutionProperties) = preSolution
		HideSolutionNode = FALSE
	EndGlobalSection
	GlobalSection(ExtensibilityGlobals) = postSolution
		SolutionGuid = {182A3763-682C-49A2-B69B-B37629D62DA5}
	EndGlobalSection
EndGlobal
